
Microsoft Visual Studio Solution File, Format Version 12.00
# Visual Studio Version 16
VisualStudioVersion = 16.0.32630.194
MinimumVisualStudioVersion = 10.0.40219.1
Project("{FAE04EC0-301F-11D3-BF4B-00C04F79EFBC}") = "AutotestApp", "AutotestApp\AutotestApp.csproj", "{7EDACA63-0F1A-4B7D-91C3-02AAAF8C38C5}"
EndProject
Global
	GlobalSection(SolutionConfigurationPlatforms) = preSolution
		Debug|Any CPU = Debug|Any CPU
		Release|Any CPU = Release|Any CPU
	EndGlobalSection
	GlobalSection(ProjectConfigurationPlatforms) = postSolution
		{7EDACA63-0F1A-4B7D-91C3-02AAAF8C38C5}.Debug|Any CPU.ActiveCfg = Debug|Any CPU
		{7EDACA63-0F1A-4B7D-91C3-02AAAF8C38C5}.Debug|Any CPU.Build.0 = Debug|Any CPU
		{7EDACA63-0F1A-4B7D-91C3-02AAAF8C38C5}.Release|Any CPU.ActiveCfg = Release|Any CPU
		{7EDACA63-0F1A-4B7D-91C3-02AAAF8C38C5}.Release|Any CPU.Build.0 = Release|Any CPU
	EndGlobalSection
	GlobalSection(SolutionProperties) = preSolution
		HideSolutionNode = FALSE
	EndGlobalSection
	GlobalSection(ExtensibilityGlobals) = postSolution
		SolutionGuid = {8D781794-CD78-438C-A8C9-AEC455515C54}
	EndGlobalSection
EndGlobal
